
Microsoft Visual Studio Solution File, Format Version 12.00
# Visual Studio Version 17
VisualStudioVersion = 17.0.32126.317
MinimumVisualStudioVersion = 10.0.40219.1
Project("{8BC9CEB8-8B4A-11D0-8D11-00A0C91BC942}") = "MainExe", "BadLibrariesExe\BadLibrariesExe.vcxproj", "{A5E51A70-6311-444E-9A50-9595661C5C2D}"
EndProject
Project("{8BC9CEB8-8B4A-11D0-8D11-00A0C91BC942}") = "Core", "Core\Core.vcxproj", "{5DC81D63-EC79-4D3C-BE0F-7B36FD069376}"
EndProject
Project("{8BC9CEB8-8B4A-11D0-8D11-00A0C91BC942}") = "UILibrary", "UILibrary\UILibrary.vcxproj", "{1155E21A-D324-4653-BB87-68046CDEE6DA}"
EndProject
Project("{8BC9CEB8-8B4A-11D0-8D11-00A0C91BC942}") = "AppFeatureOps", "AppLibrary\AppLibrary.vcxproj", "{E654B7EA-F264-421D-8056-6F3C2CC7D47F}"
EndProject
Project("{8BC9CEB8-8B4A-11D0-8D11-00A0C91BC942}") = "Journaling", "Journaling\Journaling.vcxproj", "{3ED245AB-F27B-4166-8E34-F5F0F355BF0A}"
EndProject
Project("{8BC9CEB8-8B4A-11D0-8D11-00A0C91BC942}") = "JournaledCPPFileProject", "JournaledCPPFileProject\JournaledCPPFileProject.vcxproj", "{647DA963-4CD1-486B-9F9B-C8103B0DC59A}"
EndProject
Project("{8BC9CEB8-8B4A-11D0-8D11-00A0C91BC942}") = "AutomationBinding", "AutomationBinding\AutomationBinding.vcxproj", "{20BE2158-3D69-4CF3-8405-0E7C1D9F72D8}"
EndProject
Project("{8BC9CEB8-8B4A-11D0-8D11-00A0C91BC942}") = "DataReader", "DataReader\DataReader.vcxproj", "{AC606FBD-95D1-4893-BF23-791BB889849F}"
EndProject
Project("{8BC9CEB8-8B4A-11D0-8D11-00A0C91BC942}") = "CoolDemandLoadedLibrary", "CoolDemandLoadedLibrary\CoolDemandLoadedLibrary.vcxproj", "{C50404B5-C8B1-4F85-98C1-B232F47296E1}"
EndProject
Project("{8BC9CEB8-8B4A-11D0-8D11-00A0C91BC942}") = "UIPartOps", "PartOpsUI\PartOpsUI.vcxproj", "{6897419D-B643-48A6-8F1A-F03A94004946}"
EndProject
Project("{8BC9CEB8-8B4A-11D0-8D11-00A0C91BC942}") = "UIFeatureOps", "FeatureOpsUI\FeatureOpsUI.vcxproj", "{A3306C7E-C434-43EF-88B4-FD286C0F4148}"
EndProject
Project("{8BC9CEB8-8B4A-11D0-8D11-00A0C91BC942}") = "AppPartOps", "AppPartOps\AppPartOps.vcxproj", "{407E33AF-2AB5-40C2-8CAA-33D1E07CC437}"
EndProject
Project("{8BC9CEB8-8B4A-11D0-8D11-00A0C91BC942}") = "JavaLoader", "JavaLoader\JavaLoader.vcxproj", "{0AC36FAB-0407-4C2A-9D3C-DF0A704FA2C1}"
EndProject
Project("{8BC9CEB8-8B4A-11D0-8D11-00A0C91BC942}") = "jniAutomationLibrary", "jniAutomationLibrary\jniAutomationLibrary.vcxproj", "{0F8FBB2E-8833-482B-9FC5-353010B15D9C}"
EndProject
Project("{8BC9CEB8-8B4A-11D0-8D11-00A0C91BC942}") = "AppsCore", "AppsCore\AppsCore.vcxproj", "{5C8E80CC-32C4-4A81-8662-363E48B9AD1E}"
EndProject
Project("{8BC9CEB8-8B4A-11D0-8D11-00A0C91BC942}") = "JavaAutomationBinding", "JavaAutomationBinding\JavaAutomationBinding.vcxproj", "{80FDD8C0-C3BF-4200-8F4E-BBDC6EA3A558}"
EndProject
Project("{8BC9CEB8-8B4A-11D0-8D11-00A0C91BC942}") = "CoreUnitTest", "CoreUnitTest\CoreUnitTest.vcxproj", "{177D1C37-0DF6-4D73-BEC7-B3F1EDAAFB73}"
EndProject
Global
	GlobalSection(SolutionConfigurationPlatforms) = preSolution
		Debug|x64 = Debug|x64
		Release|x64 = Release|x64
	EndGlobalSection
	GlobalSection(ProjectConfigurationPlatforms) = postSolution
		{A5E51A70-6311-444E-9A50-9595661C5C2D}.Debug|x64.ActiveCfg = Debug|x64
		{A5E51A70-6311-444E-9A50-9595661C5C2D}.Debug|x64.Build.0 = Debug|x64
		{A5E51A70-6311-444E-9A50-9595661C5C2D}.Release|x64.ActiveCfg = Release|x64
		{A5E51A70-6311-444E-9A50-9595661C5C2D}.Release|x64.Build.0 = Release|x64
		{5DC81D63-EC79-4D3C-BE0F-7B36FD069376}.Debug|x64.ActiveCfg = Debug|x64
		{5DC81D63-EC79-4D3C-BE0F-7B36FD069376}.Debug|x64.Build.0 = Debug|x64
		{5DC81D63-EC79-4D3C-BE0F-7B36FD069376}.Release|x64.ActiveCfg = Release|x64
		{5DC81D63-EC79-4D3C-BE0F-7B36FD069376}.Release|x64.Build.0 = Release|x64
		{1155E21A-D324-4653-BB87-68046CDEE6DA}.Debug|x64.ActiveCfg = Debug|x64
		{1155E21A-D324-4653-BB87-68046CDEE6DA}.Debug|x64.Build.0 = Debug|x64
		{1155E21A-D324-4653-BB87-68046CDEE6DA}.Release|x64.ActiveCfg = Release|x64
		{1155E21A-D324-4653-BB87-68046CDEE6DA}.Release|x64.Build.0 = Release|x64
		{E654B7EA-F264-421D-8056-6F3C2CC7D47F}.Debug|x64.ActiveCfg = Debug|x64
		{E654B7EA-F264-421D-8056-6F3C2CC7D47F}.Debug|x64.Build.0 = Debug|x64
		{E654B7EA-F264-421D-8056-6F3C2CC7D47F}.Release|x64.ActiveCfg = Release|x64
		{E654B7EA-F264-421D-8056-6F3C2CC7D47F}.Release|x64.Build.0 = Release|x64
		{3ED245AB-F27B-4166-8E34-F5F0F355BF0A}.Debug|x64.ActiveCfg = Debug|x64
		{3ED245AB-F27B-4166-8E34-F5F0F355BF0A}.Debug|x64.Build.0 = Debug|x64
		{3ED245AB-F27B-4166-8E34-F5F0F355BF0A}.Release|x64.ActiveCfg = Release|x64
		{3ED245AB-F27B-4166-8E34-F5F0F355BF0A}.Release|x64.Build.0 = Release|x64
		{647DA963-4CD1-486B-9F9B-C8103B0DC59A}.Debug|x64.ActiveCfg = Debug|x64
		{647DA963-4CD1-486B-9F9B-C8103B0DC59A}.Debug|x64.Build.0 = Debug|x64
		{647DA963-4CD1-486B-9F9B-C8103B0DC59A}.Release|x64.ActiveCfg = Release|x64
		{647DA963-4CD1-486B-9F9B-C8103B0DC59A}.Release|x64.Build.0 = Release|x64
		{20BE2158-3D69-4CF3-8405-0E7C1D9F72D8}.Debug|x64.ActiveCfg = Debug|x64
		{20BE2158-3D69-4CF3-8405-0E7C1D9F72D8}.Debug|x64.Build.0 = Debug|x64
		{20BE2158-3D69-4CF3-8405-0E7C1D9F72D8}.Release|x64.ActiveCfg = Release|x64
		{20BE2158-3D69-4CF3-8405-0E7C1D9F72D8}.Release|x64.Build.0 = Release|x64
		{AC606FBD-95D1-4893-BF23-791BB889849F}.Debug|x64.ActiveCfg = Debug|x64
		{AC606FBD-95D1-4893-BF23-791BB889849F}.Debug|x64.Build.0 = Debug|x64
		{AC606FBD-95D1-4893-BF23-791BB889849F}.Release|x64.ActiveCfg = Release|x64
		{AC606FBD-95D1-4893-BF23-791BB889849F}.Release|x64.Build.0 = Release|x64
		{C50404B5-C8B1-4F85-98C1-B232F47296E1}.Debug|x64.ActiveCfg = Debug|x64
		{C50404B5-C8B1-4F85-98C1-B232F47296E1}.Debug|x64.Build.0 = Debug|x64
		{C50404B5-C8B1-4F85-98C1-B232F47296E1}.Release|x64.ActiveCfg = Release|x64
		{C50404B5-C8B1-4F85-98C1-B232F47296E1}.Release|x64.Build.0 = Release|x64
		{6897419D-B643-48A6-8F1A-F03A94004946}.Debug|x64.ActiveCfg = Debug|x64
		{6897419D-B643-48A6-8F1A-F03A94004946}.Debug|x64.Build.0 = Debug|x64
		{6897419D-B643-48A6-8F1A-F03A94004946}.Release|x64.ActiveCfg = Release|x64
		{6897419D-B643-48A6-8F1A-F03A94004946}.Release|x64.Build.0 = Release|x64
		{A3306C7E-C434-43EF-88B4-FD286C0F4148}.Debug|x64.ActiveCfg = Debug|x64
		{A3306C7E-C434-43EF-88B4-FD286C0F4148}.Debug|x64.Build.0 = Debug|x64
		{A3306C7E-C434-43EF-88B4-FD286C0F4148}.Release|x64.ActiveCfg = Release|x64
		{A3306C7E-C434-43EF-88B4-FD286C0F4148}.Release|x64.Build.0 = Release|x64
		{407E33AF-2AB5-40C2-8CAA-33D1E07CC437}.Debug|x64.ActiveCfg = Debug|x64
		{407E33AF-2AB5-40C2-8CAA-33D1E07CC437}.Debug|x64.Build.0 = Debug|x64
		{407E33AF-2AB5-40C2-8CAA-33D1E07CC437}.Release|x64.ActiveCfg = Release|x64
		{407E33AF-2AB5-40C2-8CAA-33D1E07CC437}.Release|x64.Build.0 = Release|x64
		{0AC36FAB-0407-4C2A-9D3C-DF0A704FA2C1}.Debug|x64.ActiveCfg = Debug|x64
		{0AC36FAB-0407-4C2A-9D3C-DF0A704FA2C1}.Debug|x64.Build.0 = Debug|x64
		{0AC36FAB-0407-4C2A-9D3C-DF0A704FA2C1}.Release|x64.ActiveCfg = Release|x64
		{0AC36FAB-0407-4C2A-9D3C-DF0A704FA2C1}.Release|x64.Build.0 = Release|x64
		{0F8FBB2E-8833-482B-9FC5-353010B15D9C}.Debug|x64.ActiveCfg = Debug|x64
		{0F8FBB2E-8833-482B-9FC5-353010B15D9C}.Debug|x64.Build.0 = Debug|x64
		{0F8FBB2E-8833-482B-9FC5-353010B15D9C}.Release|x64.ActiveCfg = Release|x64
		{0F8FBB2E-8833-482B-9FC5-353010B15D9C}.Release|x64.Build.0 = Release|x64
		{5C8E80CC-32C4-4A81-8662-363E48B9AD1E}.Debug|x64.ActiveCfg = Debug|x64
		{5C8E80CC-32C4-4A81-8662-363E48B9AD1E}.Debug|x64.Build.0 = Debug|x64
		{5C8E80CC-32C4-4A81-8662-363E48B9AD1E}.Release|x64.ActiveCfg = Release|x64
		{5C8E80CC-32C4-4A81-8662-363E48B9AD1E}.Release|x64.Build.0 = Release|x64
		{80FDD8C0-C3BF-4200-8F4E-BBDC6EA3A558}.Debug|x64.ActiveCfg = Debug|x64
		{80FDD8C0-C3BF-4200-8F4E-BBDC6EA3A558}.Debug|x64.Build.0 = Debug|x64
		{80FDD8C0-C3BF-4200-8F4E-BBDC6EA3A558}.Release|x64.ActiveCfg = Release|x64
		{80FDD8C0-C3BF-4200-8F4E-BBDC6EA3A558}.Release|x64.Build.0 = Release|x64
		{177D1C37-0DF6-4D73-BEC7-B3F1EDAAFB73}.Debug|x64.ActiveCfg = Debug|x64
		{177D1C37-0DF6-4D73-BEC7-B3F1EDAAFB73}.Debug|x64.Build.0 = Debug|x64
		{177D1C37-0DF6-4D73-BEC7-B3F1EDAAFB73}.Release|x64.ActiveCfg = Release|x64
		{177D1C37-0DF6-4D73-BEC7-B3F1EDAAFB73}.Release|x64.Build.0 = Release|x64
	EndGlobalSection
	GlobalSection(SolutionProperties) = preSolution
		HideSolutionNode = FALSE
	EndGlobalSection
	GlobalSection(ExtensibilityGlobals) = postSolution
		SolutionGuid = {B7C895B9-0EE9-4800-8ECA-84D5C91DBE10}
	EndGlobalSection
EndGlobal
