<?xml version="1.0" encoding="utf-8"?>
<Project ToolsVersion="4.0" xmlns="http://schemas.microsoft.com/developer/msbuild/2003">
  <ItemGroup>
    <Filter Include="Source Files">
      <UniqueIdentifier>{4FC737F1-C7A5-4376-A066-2A32D752A2FF}</UniqueIdentifier>
      <Extensions>cpp;c;cc;cxx;def;odl;idl;hpj;bat;asm;asmx</Extensions>
    </Filter>
    <Filter Include="Header Files">
      <UniqueIdentifier>{93995380-89BD-4b04-88EB-625FBE52EBFB}</UniqueIdentifier>
      <Extensions>h;hh;hpp;hxx;hm;inl;inc;ipp;xsd</Extensions>
    </Filter>
    <Filter Include="Resource Files">
      <UniqueIdentifier>{67DA6AB6-F800-4c08-8B7A-83BB121AAD01}</UniqueIdentifier>
      <Extensions>rc;ico;cur;bmp;dlg;rc2;rct;bin;rgs;gif;jpg;jpeg;jpe;resx;tiff;tif;png;wav;mfcribbon-ms</Extensions>
    </Filter>
  </ItemGroup>
  <ItemGroup>
    <None Include="cpp.hint" />
    <None Include="NonPimplVersionOfPart .h__">
      <Filter>Header Files</Filter>
    </None>
    <None Include="packages.config" />
  </ItemGroup>
  <ItemGroup>
    <ClInclude Include="framework.h">
      <Filter>Header Files</Filter>
    </ClInclude>
    <ClInclude Include="AutomationBindingExports.h">
      <Filter>Header Files</Filter>
    </ClInclude>
    <ClInclude Include="AutomationAPI_Session.h">
      <Filter>Header Files</Filter>
    </ClInclude>
    <ClInclude Include="AutomationAPI_Part.h">
      <Filter>Header Files</Filter>
    </ClInclude>
    <ClInclude Include="AutomationAPI_FeatureCollection.h">
      <Filter>Header Files</Filter>
    </ClInclude>
    <ClInclude Include="AutomationAPI_BlockBuilder.h">
      <Filter>Header Files</Filter>
    </ClInclude>
    <ClInclude Include="AutomationAPI_IBuilder.h">
      <Filter>Header Files</Filter>
    </ClInclude>
    <ClInclude Include="AutomationAPI_Extrude.h">
      <Filter>Header Files</Filter>
    </ClInclude>
    <ClInclude Include="AutomationAPI_CADObject.h">
      <Filter>Header Files</Filter>
    </ClInclude>
    <ClInclude Include="AutomationAPI_Block.h">
      <Filter>Header Files</Filter>
    </ClInclude>
    <ClInclude Include="AutomationAPI_ICADObject.h">
      <Filter>Header Files</Filter>
    </ClInclude>
    <ClInclude Include="AutomationAPI_RoutingCollection.h">
      <Filter>Header Files</Filter>
    </ClInclude>
    <ClInclude Include="AutomationAPI_Wire.h">
      <Filter>Header Files</Filter>
    </ClInclude>
    <ClInclude Include="AutomationAPI_WireBuilder.h">
      <Filter>Header Files</Filter>
    </ClInclude>
  </ItemGroup>
  <ItemGroup>
    <ClCompile Include="dllmain.cpp">
      <Filter>Source Files</Filter>
    </ClCompile>
    <ClCompile Include="Session.cpp">
      <Filter>Source Files</Filter>
    </ClCompile>
    <ClCompile Include="Part.cpp">
      <Filter>Source Files</Filter>
    </ClCompile>
    <ClCompile Include="FeatureCollection.cpp">
      <Filter>Source Files</Filter>
    </ClCompile>
    <ClCompile Include="BlockBuilder.cpp">
      <Filter>Source Files</Filter>
    </ClCompile>
    <ClCompile Include="IBuilder.cpp">
      <Filter>Source Files</Filter>
    </ClCompile>
    <ClCompile Include="Extrude.cpp">
      <Filter>Source Files</Filter>
    </ClCompile>
    <ClCompile Include="CADObject.cpp">
      <Filter>Source Files</Filter>
    </ClCompile>
    <ClCompile Include="Block.cpp">
      <Filter>Source Files</Filter>
    </ClCompile>
    <ClCompile Include="Wire.cpp">
      <Filter>Source Files</Filter>
    </ClCompile>
    <ClCompile Include="WireBuilder.cpp">
      <Filter>Source Files</Filter>
    </ClCompile>
    <ClCompile Include="RoutingCollection.cpp">
      <Filter>Source Files</Filter>
    </ClCompile>
  </ItemGroup>
</Project>